
Microsoft Visual Studio Solution File, Format Version 12.00
# Visual Studio Version 16
VisualStudioVersion = 16.0.29409.12
MinimumVisualStudioVersion = 10.0.40219.1
Project("{FAE04EC0-301F-11D3-BF4B-00C04F79EFBC}") = "DynamicForms.Lib", "DynamicForms.Lib\DynamicForms.Lib.csproj", "{BDD9081D-123B-4CAD-94F8-5AD6282BEA82}"
EndProject
Project("{FAE04EC0-301F-11D3-BF4B-00C04F79EFBC}") = "DynamicForms.Presentation", "DynamicForms.Presentation\DynamicForms.Presentation.csproj", "{A1F7CDEF-7921-4E0F-A6CD-98DF848BB423}"
EndProject
Project("{FAE04EC0-301F-11D3-BF4B-00C04F79EFBC}") = "DynamicForms.Website", "DynamicForms.Website\DynamicForms.Website.csproj", "{0B5AE176-89F6-401C-82D2-BB71C400006D}"
EndProject
Global
	GlobalSection(SolutionConfigurationPlatforms) = preSolution
		Debug|Any CPU = Debug|Any CPU
		Release|Any CPU = Release|Any CPU
	EndGlobalSection
	GlobalSection(ProjectConfigurationPlatforms) = postSolution
		{BDD9081D-123B-4CAD-94F8-5AD6282BEA82}.Debug|Any CPU.ActiveCfg = Debug|Any CPU
		{BDD9081D-123B-4CAD-94F8-5AD6282BEA82}.Debug|Any CPU.Build.0 = Debug|Any CPU
		{BDD9081D-123B-4CAD-94F8-5AD6282BEA82}.Release|Any CPU.ActiveCfg = Release|Any CPU
		{BDD9081D-123B-4CAD-94F8-5AD6282BEA82}.Release|Any CPU.Build.0 = Release|Any CPU
		{A1F7CDEF-7921-4E0F-A6CD-98DF848BB423}.Debug|Any CPU.ActiveCfg = Debug|Any CPU
		{A1F7CDEF-7921-4E0F-A6CD-98DF848BB423}.Debug|Any CPU.Build.0 = Debug|Any CPU
		{A1F7CDEF-7921-4E0F-A6CD-98DF848BB423}.Release|Any CPU.ActiveCfg = Release|Any CPU
		{A1F7CDEF-7921-4E0F-A6CD-98DF848BB423}.Release|Any CPU.Build.0 = Release|Any CPU
		{0B5AE176-89F6-401C-82D2-BB71C400006D}.Debug|Any CPU.ActiveCfg = Debug|Any CPU
		{0B5AE176-89F6-401C-82D2-BB71C400006D}.Debug|Any CPU.Build.0 = Debug|Any CPU
		{0B5AE176-89F6-401C-82D2-BB71C400006D}.Release|Any CPU.ActiveCfg = Release|Any CPU
		{0B5AE176-89F6-401C-82D2-BB71C400006D}.Release|Any CPU.Build.0 = Release|Any CPU
	EndGlobalSection
	GlobalSection(SolutionProperties) = preSolution
		HideSolutionNode = FALSE
	EndGlobalSection
	GlobalSection(ExtensibilityGlobals) = postSolution
		SolutionGuid = {CC1DC885-462B-4D17-914C-970D6960AE19}
	EndGlobalSection
EndGlobal
